// !$*UTF8*$!
{
	archiveVersion = 1;
	classes = {
	};
	objectVersion = 48;
	objects = {

/* Begin PBXBuildFile section */
		17CE88BD205969D300F5D750 /* main.m in Sources */ = {isa = PBXBuildFile; fileRef = 17CE88BC205969D300F5D750 /* main.m */; };
		17CE88C520596A2100F5D750 /* FindLargestNumber.m in Sources */ = {isa = PBXBuildFile; fileRef = 17CE88C420596A2100F5D750 /* FindLargestNumber.m */; };
/* End PBXBuildFile section */

/* Begin PBXCopyFilesBuildPhase section */
		17CE88B7205969D300F5D750 /* CopyFiles */ = {
			isa = PBXCopyFilesBuildPhase;
			buildActionMask = 2147483647;
			dstPath = /usr/share/man/man1/;
			dstSubfolderSpec = 0;
			files = (
			);
			runOnlyForDeploymentPostprocessing = 1;
		};
/* End PBXCopyFilesBuildPhase section */

/* Begin PBXFileReference section */
		17CE88B9205969D300F5D750 /* ReturnHighestNumber */ = {isa = PBXFileReference; explicitFileType = "compiled.mach-o.executable"; includeInIndex = 0; name = ReturnHighestNumber; path = /Users/jordan/Desktop/Lighthouse/ReturnHighestNumber/build/Debug/ReturnHighestNumber; sourceTree = "<absolute>"; };
		17CE88BC205969D300F5D750 /* main.m */ = {isa = PBXFileReference; lastKnownFileType = sourcecode.c.objc; path = main.m; sourceTree = "<group>"; };
		17CE88C320596A2100F5D750 /* FindLargestNumber.h */ = {isa = PBXFileReference; lastKnownFileType = sourcecode.c.h; path = FindLargestNumber.h; sourceTree = "<group>"; };
		17CE88C420596A2100F5D750 /* FindLargestNumber.m */ = {isa = PBXFileReference; lastKnownFileType = sourcecode.c.objc; path = FindLargestNumber.m; sourceTree = "<group>"; };
		17F88195206B2CF6004FD38D /* ReturnHighestNumberTest.xctest */ = {isa = PBXFileReference; explicitFileType = wrapper.cfbundle; includeInIndex = 0; name = ReturnHighestNumberTest.xctest; path = /Users/jordan/Desktop/Lighthouse/ReturnHighestNumber/build/Debug/ReturnHighestNumberTest.xctest; sourceTree = "<absolute>"; };
/* End PBXFileReference section */

/* Begin PBXFrameworksBuildPhase section */
		17CE88B6205969D300F5D750 /* Frameworks */ = {
			isa = PBXFrameworksBuildPhase;
			buildActionMask = 2147483647;
			files = (
			);
			runOnlyForDeploymentPostprocessing = 0;
		};
		17F88192206B2CF6004FD38D /* Frameworks */ = {
			isa = PBXFrameworksBuildPhase;
			buildActionMask = 2147483647;
			files = (
			);
			runOnlyForDeploymentPostprocessing = 0;
		};
/* End PBXFrameworksBuildPhase section */

/* Begin PBXGroup section */
		17CE88B0205969D300F5D750 = {
			isa = PBXGroup;
			children = (
				17CE88BB205969D300F5D750 /* ReturnHighestNumber */,
			);
			sourceTree = "<group>";
		};
		17CE88BB205969D300F5D750 /* ReturnHighestNumber */ = {
			isa = PBXGroup;
			children = (
				17CE88BC205969D300F5D750 /* main.m */,
				17CE88C320596A2100F5D750 /* FindLargestNumber.h */,
				17CE88C420596A2100F5D750 /* FindLargestNumber.m */,
			);
			path = ReturnHighestNumber;
			sourceTree = "<group>";
		};
/* End PBXGroup section */

/* Begin PBXNativeTarget section */
		17CE88B8205969D300F5D750 /* ReturnHighestNumber */ = {
			isa = PBXNativeTarget;
			buildConfigurationList = 17CE88C0205969D300F5D750 /* Build configuration list for PBXNativeTarget "ReturnHighestNumber" */;
			buildPhases = (
				17CE88B5205969D300F5D750 /* Sources */,
				17CE88B6205969D300F5D750 /* Frameworks */,
				17CE88B7205969D300F5D750 /* CopyFiles */,
			);
			buildRules = (
			);
			dependencies = (
			);
			name = ReturnHighestNumber;
			productName = ReturnHighestNumber;
			productReference = 17CE88B9205969D300F5D750 /* ReturnHighestNumber */;
			productType = "com.apple.product-type.tool";
		};
		17F88194206B2CF6004FD38D /* ReturnHighestNumberTest */ = {
			isa = PBXNativeTarget;
			buildConfigurationList = 17F8819C206B2CF6004FD38D /* Build configuration list for PBXNativeTarget "ReturnHighestNumberTest" */;
			buildPhases = (
				17F88191206B2CF6004FD38D /* Sources */,
				17F88192206B2CF6004FD38D /* Frameworks */,
				17F88193206B2CF6004FD38D /* Resources */,
			);
			buildRules = (
			);
			dependencies = (
			);
			name = ReturnHighestNumberTest;
			productName = ReturnHighestNumberTest;
			productReference = 17F88195206B2CF6004FD38D /* ReturnHighestNumberTest.xctest */;
			productType = "com.apple.product-type.bundle.unit-test";
		};
/* End PBXNativeTarget section */

/* Begin PBXProject section */
		17CE88B1205969D300F5D750 /* Project object */ = {
			isa = PBXProject;
			attributes = {
				LastUpgradeCheck = 0920;
				ORGANIZATIONNAME = "Jordan Anders";
				TargetAttributes = {
					17CE88B8205969D300F5D750 = {
						CreatedOnToolsVersion = 9.2;
						ProvisioningStyle = Automatic;
					};
					17F88194206B2CF6004FD38D = {
						CreatedOnToolsVersion = 9.2;
						ProvisioningStyle = Automatic;
					};
				};
			};
			buildConfigurationList = 17CE88B4205969D300F5D750 /* Build configuration list for PBXProject "ReturnHighestNumber" */;
			compatibilityVersion = "Xcode 8.0";
			developmentRegion = en;
			hasScannedForEncodings = 0;
			knownRegions = (
				en,
			);
			mainGroup = 17CE88B0205969D300F5D750;
			productRefGroup = 17CE88B0205969D300F5D750;
			projectDirPath = "";
			projectRoot = "";
			targets = (
				17CE88B8205969D300F5D750 /* ReturnHighestNumber */,
				17F88194206B2CF6004FD38D /* ReturnHighestNumberTest */,
			);
		};
/* End PBXProject section */

/* Begin PBXResourcesBuildPhase section */
		17F88193206B2CF6004FD38D /* Resources */ = {
			isa = PBXResourcesBuildPhase;
			buildActionMask = 2147483647;
			files = (
			);
			runOnlyForDeploymentPostprocessing = 0;
		};
/* End PBXResourcesBuildPhase section */

/* Begin PBXSourcesBuildPhase section */
		17CE88B5205969D300F5D750 /* Sources */ = {
			isa = PBXSourcesBuildPhase;
			buildActionMask = 2147483647;
			files = (
				17CE88C520596A2100F5D750 /* FindLargestNumber.m in Sources */,
				17CE88BD205969D300F5D750 /* main.m in Sources */,
			);
			runOnlyForDeploymentPostprocessing = 0;
		};
		17F88191206B2CF6004FD38D /* Sources */ = {
			isa = PBXSourcesBuildPhase;
			buildActionMask = 2147483647;
			files = (
			);
			runOnlyForDeploymentPostprocessing = 0;
		};
/* End PBXSourcesBuildPhase section */

/* Begin XCBuildConfiguration section */
		17CE88BE205969D300F5D750 /* Debug */ = {
			isa = XCBuildConfiguration;
			buildSettings = {
				ALWAYS_SEARCH_USER_PATHS = NO;
				CLANG_ANALYZER_NONNULL = YES;
				CLANG_ANALYZER_NUMBER_OBJECT_CONVERSION = YES_AGGRESSIVE;
				CLANG_CXX_LANGUAGE_STANDARD = "gnu++14";
				CLANG_CXX_LIBRARY = "libc++";
				CLANG_ENABLE_MODULES = YES;
				CLANG_ENABLE_OBJC_ARC = YES;
				CLANG_WARN_BLOCK_CAPTURE_AUTORELEASING = YES;
				CLANG_WARN_BOOL_CONVERSION = YES;
				CLANG_WARN_COMMA = YES;
				CLANG_WARN_CONSTANT_CONVERSION = YES;
				CLANG_WARN_DIRECT_OBJC_ISA_USAGE = YES_ERROR;
				CLANG_WARN_DOCUMENTATION_COMMENTS = YES;
				CLANG_WARN_EMPTY_BODY = YES;
				CLANG_WARN_ENUM_CONVERSION = YES;
				CLANG_WARN_INFINITE_RECURSION = YES;
				CLANG_WARN_INT_CONVERSION = YES;
				CLANG_WARN_NON_LITERAL_NULL_CONVERSION = YES;
				CLANG_WARN_OBJC_LITERAL_CONVERSION = YES;
				CLANG_WARN_OBJC_ROOT_CLASS = YES_ERROR;
				CLANG_WARN_RANGE_LOOP_ANALYSIS = YES;
				CLANG_WARN_STRICT_PROTOTYPES = YES;
				CLANG_WARN_SUSPICIOUS_MOVE = YES;
				CLANG_WARN_UNGUARDED_AVAILABILITY = YES_AGGRESSIVE;
				CLANG_WARN_UNREACHABLE_CODE = YES;
				CLANG_WARN__DUPLICATE_METHOD_MATCH = YES;
				CODE_SIGN_IDENTITY = "-";
				COPY_PHASE_STRIP = NO;
				DEBUG_INFORMATION_FORMAT = dwarf;
				ENABLE_STRICT_OBJC_MSGSEND = YES;
				ENABLE_TESTABILITY = YES;
				GCC_C_LANGUAGE_STANDARD = gnu11;
				GCC_DYNAMIC_NO_PIC = NO;
				GCC_NO_COMMON_BLOCKS = YES;
				GCC_OPTIMIZATION_LEVEL = 0;
				GCC_PREPROCESSOR_DEFINITIONS = (
					"DEBUG=1",
					"$(inherited)",
				);
				GCC_WARN_64_TO_32_BIT_CONVERSION = YES;
				GCC_WARN_ABOUT_RETURN_TYPE = YES_ERROR;
				GCC_WARN_UNDECLARED_SELECTOR = YES;
				GCC_WARN_UNINITIALIZED_AUTOS = YES_AGGRESSIVE;
				GCC_WARN_UNUSED_FUNCTION = YES;
				GCC_WARN_UNUSED_VARIABLE = YES;
				MACOSX_DEPLOYMENT_TARGET = 10.13;
				MTL_ENABLE_DEBUG_INFO = YES;
				ONLY_ACTIVE_ARCH = YES;
				SDKROOT = macosx;
			};
			name = Debug;
		};
		17CE88BF205969D300F5D750 /* Release */ = {
			isa = XCBuildConfiguration;
			buildSettings = {
				ALWAYS_SEARCH_USER_PATHS = NO;
				CLANG_ANALYZER_NONNULL = YES;
				CLANG_ANALYZER_NUMBER_OBJECT_CONVERSION = YES_AGGRESSIVE;
				CLANG_CXX_LANGUAGE_STANDARD = "gnu++14";
				CLANG_CXX_LIBRARY = "libc++";
				CLANG_ENABLE_MODULES = YES;
				CLANG_ENABLE_OBJC_ARC = YES;
				CLANG_WARN_BLOCK_CAPTURE_AUTORELEASING = YES;
				CLANG_WARN_BOOL_CONVERSION = YES;
				CLANG_WARN_COMMA = YES;
				CLANG_WARN_CONSTANT_CONVERSION = YES;
				CLANG_WARN_DIRECT_OBJC_ISA_USAGE = YES_ERROR;
				CLANG_WARN_DOCUMENTATION_COMMENTS = YES;
				CLANG_WARN_EMPTY_BODY = YES;
				CLANG_WARN_ENUM_CONVERSION = YES;
				CLANG_WARN_INFINITE_RECURSION = YES;
				CLANG_WARN_INT_CONVERSION = YES;
				CLANG_WARN_NON_LITERAL_NULL_CONVERSION = YES;
				CLANG_WARN_OBJC_LITERAL_CONVERSION = YES;
				CLANG_WARN_OBJC_ROOT_CLASS = YES_ERROR;
				CLANG_WARN_RANGE_LOOP_ANALYSIS = YES;
				CLANG_WARN_STRICT_PROTOTYPES = YES;
				CLANG_WARN_SUSPICIOUS_MOVE = YES;
				CLANG_WARN_UNGUARDED_AVAILABILITY = YES_AGGRESSIVE;
				CLANG_WARN_UNREACHABLE_CODE = YES;
				CLANG_WARN__DUPLICATE_METHOD_MATCH = YES;
				CODE_SIGN_IDENTITY = "-";
				COPY_PHASE_STRIP = NO;
				DEBUG_INFORMATION_FORMAT = "dwarf-with-dsym";
				ENABLE_NS_ASSERTIONS = NO;
				ENABLE_STRICT_OBJC_MSGSEND = YES;
				GCC_C_LANGUAGE_STANDARD = gnu11;
				GCC_NO_COMMON_BLOCKS = YES;
				GCC_WARN_64_TO_32_BIT_CONVERSION = YES;
				GCC_WARN_ABOUT_RETURN_TYPE = YES_ERROR;
				GCC_WARN_UNDECLARED_SELECTOR = YES;
				GCC_WARN_UNINITIALIZED_AUTOS = YES_AGGRESSIVE;
				GCC_WARN_UNUSED_FUNCTION = YES;
				GCC_WARN_UNUSED_VARIABLE = YES;
				MACOSX_DEPLOYMENT_TARGET = 10.13;
				MTL_ENABLE_DEBUG_INFO = NO;
				SDKROOT = macosx;
			};
			name = Release;
		};
		17CE88C1205969D300F5D750 /* Debug */ = {
			isa = XCBuildConfiguration;
			buildSettings = {
				CODE_SIGN_STYLE = Automatic;
				PRODUCT_NAME = "$(TARGET_NAME)";
			};
			name = Debug;
		};
		17CE88C2205969D300F5D750 /* Release */ = {
			isa = XCBuildConfiguration;
			buildSettings = {
				CODE_SIGN_STYLE = Automatic;
				PRODUCT_NAME = "$(TARGET_NAME)";
			};
			name = Release;
		};
		17F8819A206B2CF6004FD38D /* Debug */ = {
			isa = XCBuildConfiguration;
			buildSettings = {
				CODE_SIGN_STYLE = Automatic;
				COMBINE_HIDPI_IMAGES = YES;
				INFOPLIST_FILE = ReturnHighestNumberTest/Info.plist;
				LD_RUNPATH_SEARCH_PATHS = "$(inherited) @executable_path/../Frameworks @loader_path/../Frameworks";
				PRODUCT_BUNDLE_IDENTIFIER = "Jordan-Anders.ReturnHighestNumberTest";
				PRODUCT_NAME = "$(TARGET_NAME)";
			};
			name = Debug;
		};
		17F8819B206B2CF6004FD38D /* Release */ = {
			isa = XCBuildConfiguration;
			buildSettings = {
				CODE_SIGN_STYLE = Automatic;
				COMBINE_HIDPI_IMAGES = YES;
				INFOPLIST_FILE = ReturnHighestNumberTest/Info.plist;
				LD_RUNPATH_SEARCH_PATHS = "$(inherited) @executable_path/../Frameworks @loader_path/../Frameworks";
				PRODUCT_BUNDLE_IDENTIFIER = "Jordan-Anders.ReturnHighestNumberTest";
				PRODUCT_NAME = "$(TARGET_NAME)";
			};
			name = Release;
		};
/* End XCBuildConfiguration section */

/* Begin XCConfigurationList section */
		17CE88B4205969D300F5D750 /* Build configuration list for PBXProject "ReturnHighestNumber" */ = {
			isa = XCConfigurationList;
			buildConfigurations = (
				17CE88BE205969D300F5D750 /* Debug */,
				17CE88BF205969D300F5D750 /* Release */,
			);
			defaultConfigurationIsVisible = 0;
			defaultConfigurationName = Release;
		};
		17CE88C0205969D300F5D750 /* Build configuration list for PBXNativeTarget "ReturnHighestNumber" */ = {
			isa = XCConfigurationList;
			buildConfigurations = (
				17CE88C1205969D300F5D750 /* Debug */,
				17CE88C2205969D300F5D750 /* Release */,
			);
			defaultConfigurationIsVisible = 0;
			defaultConfigurationName = Release;
		};
		17F8819C206B2CF6004FD38D /* Build configuration list for PBXNativeTarget "ReturnHighestNumberTest" */ = {
			isa = XCConfigurationList;
			buildConfigurations = (
				17F8819A206B2CF6004FD38D /* Debug */,
				17F8819B206B2CF6004FD38D /* Release */,
			);
			defaultConfigurationIsVisible = 0;
			defaultConfigurationName = Release;
		};
/* End XCConfigurationList section */
	};
	rootObject = 17CE88B1205969D300F5D750 /* Project object */;
}
